
Microsoft Visual Studio Solution File, Format Version 12.00
# Visual Studio 15
VisualStudioVersion = 15.0.27130.2036
MinimumVisualStudioVersion = 10.0.40219.1
Project("{FAE04EC0-301F-11D3-BF4B-00C04F79EFBC}") = "Hello3DX", "Hello3DX\Hello3DX.csproj", "{098F29FA-7B76-433C-B0F3-BD334B0A672E}"
EndProject
Global
	GlobalSection(SolutionConfigurationPlatforms) = preSolution
		Debug|Any CPU = Debug|Any CPU
		Release|Any CPU = Release|Any CPU
	EndGlobalSection
	GlobalSection(ProjectConfigurationPlatforms) = postSolution
		{098F29FA-7B76-433C-B0F3-BD334B0A672E}.Debug|Any CPU.ActiveCfg = Debug|Any CPU
		{098F29FA-7B76-433C-B0F3-BD334B0A672E}.Debug|Any CPU.Build.0 = Debug|Any CPU
		{098F29FA-7B76-433C-B0F3-BD334B0A672E}.Release|Any CPU.ActiveCfg = Release|Any CPU
		{098F29FA-7B76-433C-B0F3-BD334B0A672E}.Release|Any CPU.Build.0 = Release|Any CPU
	EndGlobalSection
	GlobalSection(SolutionProperties) = preSolution
		HideSolutionNode = FALSE
	EndGlobalSection
	GlobalSection(ExtensibilityGlobals) = postSolution
		SolutionGuid = {55917068-FE9F-4247-AE8A-CA112EFCB53F}
	EndGlobalSection
EndGlobal
